
Microsoft Visual Studio Solution File, Format Version 12.00
# Visual Studio 14
VisualStudioVersion = 14.0.25420.1
MinimumVisualStudioVersion = 10.0.40219.1
Project("{FAE04EC0-301F-11D3-BF4B-00C04F79EFBC}") = "final-project", "final-project\final-project.csproj", "{4A7BE412-DA22-4FE2-BA5C-7CCF3993B17D}"
EndProject
Project("{FAE04EC0-301F-11D3-BF4B-00C04F79EFBC}") = "final-project.Tests", "final-project.Tests\final-project.Tests.csproj", "{300643B7-785D-4E6C-9629-FB3847A69229}"
EndProject
Global
	GlobalSection(SolutionConfigurationPlatforms) = preSolution
		Debug|Any CPU = Debug|Any CPU
		Release|Any CPU = Release|Any CPU
	EndGlobalSection
	GlobalSection(ProjectConfigurationPlatforms) = postSolution
		{4A7BE412-DA22-4FE2-BA5C-7CCF3993B17D}.Debug|Any CPU.ActiveCfg = Debug|Any CPU
		{4A7BE412-DA22-4FE2-BA5C-7CCF3993B17D}.Debug|Any CPU.Build.0 = Debug|Any CPU
		{4A7BE412-DA22-4FE2-BA5C-7CCF3993B17D}.Release|Any CPU.ActiveCfg = Release|Any CPU
		{4A7BE412-DA22-4FE2-BA5C-7CCF3993B17D}.Release|Any CPU.Build.0 = Release|Any CPU
		{300643B7-785D-4E6C-9629-FB3847A69229}.Debug|Any CPU.ActiveCfg = Debug|Any CPU
		{300643B7-785D-4E6C-9629-FB3847A69229}.Debug|Any CPU.Build.0 = Debug|Any CPU
		{300643B7-785D-4E6C-9629-FB3847A69229}.Release|Any CPU.ActiveCfg = Release|Any CPU
		{300643B7-785D-4E6C-9629-FB3847A69229}.Release|Any CPU.Build.0 = Release|Any CPU
	EndGlobalSection
	GlobalSection(SolutionProperties) = preSolution
		HideSolutionNode = FALSE
	EndGlobalSection
EndGlobal
